
Microsoft Visual Studio Solution File, Format Version 12.00
# Visual Studio Version 17
VisualStudioVersion = 17.5.33424.131
MinimumVisualStudioVersion = 10.0.40219.1
Project("{FAE04EC0-301F-11D3-BF4B-00C04F79EFBC}") = "21_inheritance_ex", "21_inheritance_ex.csproj", "{D7DF1D72-E975-4B6E-92F7-9475A52D9776}"
EndProject
Global
	GlobalSection(SolutionConfigurationPlatforms) = preSolution
		Debug|Any CPU = Debug|Any CPU
		Release|Any CPU = Release|Any CPU
	EndGlobalSection
	GlobalSection(ProjectConfigurationPlatforms) = postSolution
		{D7DF1D72-E975-4B6E-92F7-9475A52D9776}.Debug|Any CPU.ActiveCfg = Debug|Any CPU
		{D7DF1D72-E975-4B6E-92F7-9475A52D9776}.Debug|Any CPU.Build.0 = Debug|Any CPU
		{D7DF1D72-E975-4B6E-92F7-9475A52D9776}.Release|Any CPU.ActiveCfg = Release|Any CPU
		{D7DF1D72-E975-4B6E-92F7-9475A52D9776}.Release|Any CPU.Build.0 = Release|Any CPU
	EndGlobalSection
	GlobalSection(SolutionProperties) = preSolution
		HideSolutionNode = FALSE
	EndGlobalSection
	GlobalSection(ExtensibilityGlobals) = postSolution
		SolutionGuid = {E1D58C3B-C425-41D5-BAA8-2108B89E0BBE}
	EndGlobalSection
EndGlobal
