
Microsoft Visual Studio Solution File, Format Version 12.00
# Visual Studio Version 17
VisualStudioVersion = 17.5.33424.131
MinimumVisualStudioVersion = 10.0.40219.1
Project("{FAE04EC0-301F-11D3-BF4B-00C04F79EFBC}") = "CaEvent", "ConsoleApp1\CaEvent.csproj", "{962B2EAA-41BF-4FD6-913A-E89403660639}"
EndProject
Global
	GlobalSection(SolutionConfigurationPlatforms) = preSolution
		Debug|Any CPU = Debug|Any CPU
		Release|Any CPU = Release|Any CPU
	EndGlobalSection
	GlobalSection(ProjectConfigurationPlatforms) = postSolution
		{962B2EAA-41BF-4FD6-913A-E89403660639}.Debug|Any CPU.ActiveCfg = Debug|Any CPU
		{962B2EAA-41BF-4FD6-913A-E89403660639}.Debug|Any CPU.Build.0 = Debug|Any CPU
		{962B2EAA-41BF-4FD6-913A-E89403660639}.Release|Any CPU.ActiveCfg = Release|Any CPU
		{962B2EAA-41BF-4FD6-913A-E89403660639}.Release|Any CPU.Build.0 = Release|Any CPU
	EndGlobalSection
	GlobalSection(SolutionProperties) = preSolution
		HideSolutionNode = FALSE
	EndGlobalSection
	GlobalSection(ExtensibilityGlobals) = postSolution
		SolutionGuid = {7319A06C-395C-4BFA-B3AD-2C9027B5391F}
	EndGlobalSection
EndGlobal
