
Microsoft Visual Studio Solution File, Format Version 12.00
# Visual Studio Version 17
VisualStudioVersion = 17.5.33424.131
MinimumVisualStudioVersion = 10.0.40219.1
Project("{FAE04EC0-301F-11D3-BF4B-00C04F79EFBC}") = "Multi_CAst_Del", "Multi_CAst_Del.csproj", "{E5FAE6AE-6297-455D-8D5F-9B528DF89975}"
EndProject
Global
	GlobalSection(SolutionConfigurationPlatforms) = preSolution
		Debug|Any CPU = Debug|Any CPU
		Release|Any CPU = Release|Any CPU
	EndGlobalSection
	GlobalSection(ProjectConfigurationPlatforms) = postSolution
		{E5FAE6AE-6297-455D-8D5F-9B528DF89975}.Debug|Any CPU.ActiveCfg = Debug|Any CPU
		{E5FAE6AE-6297-455D-8D5F-9B528DF89975}.Debug|Any CPU.Build.0 = Debug|Any CPU
		{E5FAE6AE-6297-455D-8D5F-9B528DF89975}.Release|Any CPU.ActiveCfg = Release|Any CPU
		{E5FAE6AE-6297-455D-8D5F-9B528DF89975}.Release|Any CPU.Build.0 = Release|Any CPU
	EndGlobalSection
	GlobalSection(SolutionProperties) = preSolution
		HideSolutionNode = FALSE
	EndGlobalSection
	GlobalSection(ExtensibilityGlobals) = postSolution
		SolutionGuid = {6234BEA0-A91F-4B8C-8F44-58830E5A1B22}
	EndGlobalSection
EndGlobal
